
Microsoft Visual Studio Solution File, Format Version 12.00
# Visual Studio Version 17 
VisualStudioVersion = 17.2.32516.85
MinimumVisualStudioVersion = 10.0.40219.1
Project("{FAE04EC0-301F-11D3-BF4B-00C04F79EFBC}") = "ScreenshotSender.Server", "ScreenshotSender.Server\ScreenshotSender.Server.csproj", "{14BDE238-C8C8-42EC-A98A-39794A7A9FAE}"
EndProject
Project("{FAE04EC0-301F-11D3-BF4B-00C04F79EFBC}") = "ScreenshotSender.Client", "ScreenshotSender.Client\ScreenshotSender.Client.csproj", "{0E52A7BC-7169-4605-92EF-FDFA410D4675}"
EndProject
Global
	GlobalSection(SolutionConfigurationPlatforms) = preSolution
		Debug|Any CPU = Debug|Any CPU
		Release|Any CPU = Release|Any CPU
	EndGlobalSection
	GlobalSection(ProjectConfigurationPlatforms) = postSolution
		{14BDE238-C8C8-42EC-A98A-39794A7A9FAE}.Debug|Any CPU.ActiveCfg = Debug|Any CPU
		{14BDE238-C8C8-42EC-A98A-39794A7A9FAE}.Debug|Any CPU.Build.0 = Debug|Any CPU
		{14BDE238-C8C8-42EC-A98A-39794A7A9FAE}.Release|Any CPU.ActiveCfg = Release|Any CPU
		{14BDE238-C8C8-42EC-A98A-39794A7A9FAE}.Release|Any CPU.Build.0 = Release|Any CPU
		{0E52A7BC-7169-4605-92EF-FDFA410D4675}.Debug|Any CPU.ActiveCfg = Debug|Any CPU
		{0E52A7BC-7169-4605-92EF-FDFA410D4675}.Debug|Any CPU.Build.0 = Debug|Any CPU
		{0E52A7BC-7169-4605-92EF-FDFA410D4675}.Release|Any CPU.ActiveCfg = Release|Any CPU
		{0E52A7BC-7169-4605-92EF-FDFA410D4675}.Release|Any CPU.Build.0 = Release|Any CPU
	EndGlobalSection
	GlobalSection(SolutionProperties) = preSolution
		HideSolutionNode = FALSE
	EndGlobalSection
	GlobalSection(ExtensibilityGlobals) = postSolution
		SolutionGuid = {0DEAFB13-42D3-46CC-B667-40F0489185A1}
	EndGlobalSection
EndGlobal
